
Microsoft Visual Studio Solution File, Format Version 12.00
# Visual Studio Version 16
VisualStudioVersion = 16.0.30320.27
MinimumVisualStudioVersion = 10.0.40219.1
Project("{9A19103F-16F7-4668-BE54-9A1E7A4F7556}") = "Generics", "Generics\Generics.csproj", "{8AD1A81F-7C89-4AF8-8022-85EA3AA11E35}"
EndProject
Project("{9A19103F-16F7-4668-BE54-9A1E7A4F7556}") = "Delegates", "Delegates\Delegates.csproj", "{2B8AB8BD-088E-4F19-97AB-07DB038216DC}"
EndProject
Project("{9A19103F-16F7-4668-BE54-9A1E7A4F7556}") = "LambdaExpressions", "LambdaExpressions\LambdaExpressions.csproj", "{0A7424D8-5D39-425F-992C-A5F31C1A9B1B}"
EndProject
Project("{9A19103F-16F7-4668-BE54-9A1E7A4F7556}") = "Events", "Events\Events.csproj", "{BE5B9EE7-E1A6-4645-9474-3D872A34877B}"
EndProject
Project("{FAE04EC0-301F-11D3-BF4B-00C04F79EFBC}") = "ExtensionMethods", "ExtensionMethods\ExtensionMethods.csproj", "{59443FB0-0CAE-412C-9C5E-626D3BB1A631}"
EndProject
Project("{FAE04EC0-301F-11D3-BF4B-00C04F79EFBC}") = "LINQ", "LINQ\LINQ.csproj", "{64DB3FCB-A858-42A2-857F-147530F5D09A}"
EndProject
Global
	GlobalSection(SolutionConfigurationPlatforms) = preSolution
		Debug|Any CPU = Debug|Any CPU
		Release|Any CPU = Release|Any CPU
	EndGlobalSection
	GlobalSection(ProjectConfigurationPlatforms) = postSolution
		{8AD1A81F-7C89-4AF8-8022-85EA3AA11E35}.Debug|Any CPU.ActiveCfg = Debug|Any CPU
		{8AD1A81F-7C89-4AF8-8022-85EA3AA11E35}.Debug|Any CPU.Build.0 = Debug|Any CPU
		{8AD1A81F-7C89-4AF8-8022-85EA3AA11E35}.Release|Any CPU.ActiveCfg = Release|Any CPU
		{8AD1A81F-7C89-4AF8-8022-85EA3AA11E35}.Release|Any CPU.Build.0 = Release|Any CPU
		{2B8AB8BD-088E-4F19-97AB-07DB038216DC}.Debug|Any CPU.ActiveCfg = Debug|Any CPU
		{2B8AB8BD-088E-4F19-97AB-07DB038216DC}.Debug|Any CPU.Build.0 = Debug|Any CPU
		{2B8AB8BD-088E-4F19-97AB-07DB038216DC}.Release|Any CPU.ActiveCfg = Release|Any CPU
		{2B8AB8BD-088E-4F19-97AB-07DB038216DC}.Release|Any CPU.Build.0 = Release|Any CPU
		{0A7424D8-5D39-425F-992C-A5F31C1A9B1B}.Debug|Any CPU.ActiveCfg = Debug|Any CPU
		{0A7424D8-5D39-425F-992C-A5F31C1A9B1B}.Debug|Any CPU.Build.0 = Debug|Any CPU
		{0A7424D8-5D39-425F-992C-A5F31C1A9B1B}.Release|Any CPU.ActiveCfg = Release|Any CPU
		{0A7424D8-5D39-425F-992C-A5F31C1A9B1B}.Release|Any CPU.Build.0 = Release|Any CPU
		{BE5B9EE7-E1A6-4645-9474-3D872A34877B}.Debug|Any CPU.ActiveCfg = Debug|Any CPU
		{BE5B9EE7-E1A6-4645-9474-3D872A34877B}.Debug|Any CPU.Build.0 = Debug|Any CPU
		{BE5B9EE7-E1A6-4645-9474-3D872A34877B}.Release|Any CPU.ActiveCfg = Release|Any CPU
		{BE5B9EE7-E1A6-4645-9474-3D872A34877B}.Release|Any CPU.Build.0 = Release|Any CPU
		{59443FB0-0CAE-412C-9C5E-626D3BB1A631}.Debug|Any CPU.ActiveCfg = Debug|Any CPU
		{59443FB0-0CAE-412C-9C5E-626D3BB1A631}.Debug|Any CPU.Build.0 = Debug|Any CPU
		{59443FB0-0CAE-412C-9C5E-626D3BB1A631}.Release|Any CPU.ActiveCfg = Release|Any CPU
		{59443FB0-0CAE-412C-9C5E-626D3BB1A631}.Release|Any CPU.Build.0 = Release|Any CPU
		{64DB3FCB-A858-42A2-857F-147530F5D09A}.Debug|Any CPU.ActiveCfg = Debug|Any CPU
		{64DB3FCB-A858-42A2-857F-147530F5D09A}.Debug|Any CPU.Build.0 = Debug|Any CPU
		{64DB3FCB-A858-42A2-857F-147530F5D09A}.Release|Any CPU.ActiveCfg = Release|Any CPU
		{64DB3FCB-A858-42A2-857F-147530F5D09A}.Release|Any CPU.Build.0 = Release|Any CPU
	EndGlobalSection
	GlobalSection(SolutionProperties) = preSolution
		HideSolutionNode = FALSE
	EndGlobalSection
	GlobalSection(ExtensibilityGlobals) = postSolution
		SolutionGuid = {64B65764-1914-4EB9-9841-9440B868AF75}
	EndGlobalSection
EndGlobal
